// !$*UTF8*$!
{
	archiveVersion = 1;
	classes = {
	};
	objectVersion = 46;
	objects = {

/* Begin PBXBuildFile section */
		0412E6421ED919F4008DFD26 /* NormalTableViewController.swift in Sources */ = {isa = PBXBuildFile; fileRef = 0412E6411ED919F4008DFD26 /* NormalTableViewController.swift */; };
		0412E6441ED91CF9008DFD26 /* NormalAdvertisementViewController.swift in Sources */ = {isa = PBXBuildFile; fileRef = 0412E6431ED91CF9008DFD26 /* NormalAdvertisementViewController.swift */; };
		0412E6461ED9209C008DFD26 /* NormalBeaconTableViewCell.swift in Sources */ = {isa = PBXBuildFile; fileRef = 0412E6451ED9209C008DFD26 /* NormalBeaconTableViewCell.swift */; };
		0412E64F1ED926CD008DFD26 /* Advertisement2ViewController.swift in Sources */ = {isa = PBXBuildFile; fileRef = 0412E64E1ED926CD008DFD26 /* Advertisement2ViewController.swift */; };
		0412E6511ED929B0008DFD26 /* Advertisement3ViewController.swift in Sources */ = {isa = PBXBuildFile; fileRef = 0412E6501ED929B0008DFD26 /* Advertisement3ViewController.swift */; };
		0412E6591EDEE576008DFD26 /* iRadarTests.swift in Sources */ = {isa = PBXBuildFile; fileRef = 0412E6581EDEE576008DFD26 /* iRadarTests.swift */; };
		0412E6671EE02456008DFD26 /* iRadarUITests.m in Sources */ = {isa = PBXBuildFile; fileRef = 0412E6661EE02456008DFD26 /* iRadarUITests.m */; };
		0425A7B91ECBD96B00437C84 /* NotificationCenter.framework in Frameworks */ = {isa = PBXBuildFile; fileRef = 0425A7B81ECBD96B00437C84 /* NotificationCenter.framework */; };
		0425A7BC1ECBD96B00437C84 /* TodayViewController.swift in Sources */ = {isa = PBXBuildFile; fileRef = 0425A7BB1ECBD96B00437C84 /* TodayViewController.swift */; };
		0425A7BF1ECBD96B00437C84 /* MainInterface.storyboard in Resources */ = {isa = PBXBuildFile; fileRef = 0425A7BD1ECBD96B00437C84 /* MainInterface.storyboard */; };
		0425A7C31ECBD96C00437C84 /* iRadartoday.appex in Embed App Extensions */ = {isa = PBXBuildFile; fileRef = 0425A7B71ECBD96B00437C84 /* iRadartoday.appex */; settings = {ATTRIBUTES = (RemoveHeadersOnCopy, ); }; };
		0425A7C91ECBDB4A00437C84 /* todayiRadar.swift in Sources */ = {isa = PBXBuildFile; fileRef = 0425A7C81ECBDB4A00437C84 /* todayiRadar.swift */; };
		0425A7CB1ECEEA3B00437C84 /* Beacon2TableViewController.swift in Sources */ = {isa = PBXBuildFile; fileRef = 0425A7CA1ECEEA3B00437C84 /* Beacon2TableViewController.swift */; };
		0425A7CD1ECEF40600437C84 /* Beacon3TableViewController.swift in Sources */ = {isa = PBXBuildFile; fileRef = 0425A7CC1ECEF40600437C84 /* Beacon3TableViewController.swift */; };
		042671641ED41BCD00D36727 /* NormalViewController.swift in Sources */ = {isa = PBXBuildFile; fileRef = 042671631ED41BCD00D36727 /* NormalViewController.swift */; };
		042C6AC11EB84BD500AA46EC /* AdvertisementViewController.swift in Sources */ = {isa = PBXBuildFile; fileRef = 042C6AC01EB84BD500AA46EC /* AdvertisementViewController.swift */; };
		0448EB201EB8416F001128B9 /* KontaktSDK.framework in Frameworks */ = {isa = PBXBuildFile; fileRef = 0448EB1F1EB8416F001128B9 /* KontaktSDK.framework */; };
		045F434D1E92283000E323EC /* BeaconTableViewController.swift in Sources */ = {isa = PBXBuildFile; fileRef = 045F434C1E92283000E323EC /* BeaconTableViewController.swift */; };
		045F434F1E9254E200E323EC /* BeaconTableViewCell.swift in Sources */ = {isa = PBXBuildFile; fileRef = 045F434E1E9254E200E323EC /* BeaconTableViewCell.swift */; };
		045F43511E92635B00E323EC /* Beacons.swift in Sources */ = {isa = PBXBuildFile; fileRef = 045F43501E92635B00E323EC /* Beacons.swift */; };
		046BB5EF1EA08CAB005BD4E7 /* GoogleService-Info.plist in Resources */ = {isa = PBXBuildFile; fileRef = 046BB5EE1EA08CAB005BD4E7 /* GoogleService-Info.plist */; };
		04A421151E8514F400194289 /* loginViewController.swift in Sources */ = {isa = PBXBuildFile; fileRef = 04A421141E8514F400194289 /* loginViewController.swift */; };
		04A421161E85438900194289 /* CoreLocation.framework in Frameworks */ = {isa = PBXBuildFile; fileRef = 04D4AFEE1E84E02100324E87 /* CoreLocation.framework */; };
		04A4211E1E8A8C2700194289 /* NearbyDeviceClass.swift in Sources */ = {isa = PBXBuildFile; fileRef = 04A4211D1E8A8C2700194289 /* NearbyDeviceClass.swift */; };
		04A421221E8A8F6300194289 /* newConfigurationViewController.swift in Sources */ = {isa = PBXBuildFile; fileRef = 04A421211E8A8F6300194289 /* newConfigurationViewController.swift */; };
		04D4AFDC1E84DE9400324E87 /* AppDelegate.swift in Sources */ = {isa = PBXBuildFile; fileRef = 04D4AFDB1E84DE9400324E87 /* AppDelegate.swift */; };
		04D4AFDE1E84DE9400324E87 /* beaconViewController.swift in Sources */ = {isa = PBXBuildFile; fileRef = 04D4AFDD1E84DE9400324E87 /* beaconViewController.swift */; };
		04D4AFE11E84DE9400324E87 /* Main.storyboard in Resources */ = {isa = PBXBuildFile; fileRef = 04D4AFDF1E84DE9400324E87 /* Main.storyboard */; };
		04D4AFE31E84DE9400324E87 /* Assets.xcassets in Resources */ = {isa = PBXBuildFile; fileRef = 04D4AFE21E84DE9400324E87 /* Assets.xcassets */; };
		04D4AFE61E84DE9400324E87 /* LaunchScreen.storyboard in Resources */ = {isa = PBXBuildFile; fileRef = 04D4AFE41E84DE9400324E87 /* LaunchScreen.storyboard */; };
		403C435AC21B731520EB8DB5 /* Pods_iRadar.framework in Frameworks */ = {isa = PBXBuildFile; fileRef = CC71C861529174BCE2E76AB4 /* Pods_iRadar.framework */; };
/* End PBXBuildFile section */

/* Begin PBXContainerItemProxy section */
		0412E65B1EDEE576008DFD26 /* PBXContainerItemProxy */ = {
			isa = PBXContainerItemProxy;
			containerPortal = 04D4AFD01E84DE9400324E87 /* Project object */;
			proxyType = 1;
			remoteGlobalIDString = 04D4AFD71E84DE9400324E87;
			remoteInfo = iRadar;
		};
		0412E6691EE02456008DFD26 /* PBXContainerItemProxy */ = {
			isa = PBXContainerItemProxy;
			containerPortal = 04D4AFD01E84DE9400324E87 /* Project object */;
			proxyType = 1;
			remoteGlobalIDString = 04D4AFD71E84DE9400324E87;
			remoteInfo = iRadar;
		};
		0425A7C11ECBD96C00437C84 /* PBXContainerItemProxy */ = {
			isa = PBXContainerItemProxy;
			containerPortal = 04D4AFD01E84DE9400324E87 /* Project object */;
			proxyType = 1;
			remoteGlobalIDString = 0425A7B61ECBD96B00437C84;
			remoteInfo = iRadartoday;
		};
/* End PBXContainerItemProxy section */

/* Begin PBXCopyFilesBuildPhase section */
		0425A7C71ECBD96C00437C84 /* Embed App Extensions */ = {
			isa = PBXCopyFilesBuildPhase;
			buildActionMask = 2147483647;
			dstPath = "";
			dstSubfolderSpec = 13;
			files = (
				0425A7C31ECBD96C00437C84 /* iRadartoday.appex in Embed App Extensions */,
			);
			name = "Embed App Extensions";
			runOnlyForDeploymentPostprocessing = 0;
		};
/* End PBXCopyFilesBuildPhase section */

/* Begin PBXFileReference section */
		0412E6411ED919F4008DFD26 /* NormalTableViewController.swift */ = {isa = PBXFileReference; fileEncoding = 4; lastKnownFileType = sourcecode.swift; path = NormalTableViewController.swift; sourceTree = "<group>"; };
		0412E6431ED91CF9008DFD26 /* NormalAdvertisementViewController.swift */ = {isa = PBXFileReference; fileEncoding = 4; lastKnownFileType = sourcecode.swift; path = NormalAdvertisementViewController.swift; sourceTree = "<group>"; };
		0412E6451ED9209C008DFD26 /* NormalBeaconTableViewCell.swift */ = {isa = PBXFileReference; fileEncoding = 4; lastKnownFileType = sourcecode.swift; path = NormalBeaconTableViewCell.swift; sourceTree = "<group>"; };
		0412E64E1ED926CD008DFD26 /* Advertisement2ViewController.swift */ = {isa = PBXFileReference; fileEncoding = 4; lastKnownFileType = sourcecode.swift; path = Advertisement2ViewController.swift; sourceTree = "<group>"; };
		0412E6501ED929B0008DFD26 /* Advertisement3ViewController.swift */ = {isa = PBXFileReference; fileEncoding = 4; lastKnownFileType = sourcecode.swift; path = Advertisement3ViewController.swift; sourceTree = "<group>"; };
		0412E6561EDEE576008DFD26 /* iRadarTests.xctest */ = {isa = PBXFileReference; explicitFileType = wrapper.cfbundle; includeInIndex = 0; path = iRadarTests.xctest; sourceTree = BUILT_PRODUCTS_DIR; };
		0412E6581EDEE576008DFD26 /* iRadarTests.swift */ = {isa = PBXFileReference; lastKnownFileType = sourcecode.swift; path = iRadarTests.swift; sourceTree = "<group>"; };
		0412E65A1EDEE576008DFD26 /* Info.plist */ = {isa = PBXFileReference; lastKnownFileType = text.plist.xml; path = Info.plist; sourceTree = "<group>"; };
		0412E6641EE02455008DFD26 /* iRadarUITests.xctest */ = {isa = PBXFileReference; explicitFileType = wrapper.cfbundle; includeInIndex = 0; path = iRadarUITests.xctest; sourceTree = BUILT_PRODUCTS_DIR; };
		0412E6661EE02456008DFD26 /* iRadarUITests.m */ = {isa = PBXFileReference; lastKnownFileType = sourcecode.c.objc; path = iRadarUITests.m; sourceTree = "<group>"; };
		0412E6681EE02456008DFD26 /* Info.plist */ = {isa = PBXFileReference; lastKnownFileType = text.plist.xml; path = Info.plist; sourceTree = "<group>"; };
		0425A7B71ECBD96B00437C84 /* iRadartoday.appex */ = {isa = PBXFileReference; explicitFileType = "wrapper.app-extension"; includeInIndex = 0; path = iRadartoday.appex; sourceTree = BUILT_PRODUCTS_DIR; };
		0425A7B81ECBD96B00437C84 /* NotificationCenter.framework */ = {isa = PBXFileReference; lastKnownFileType = wrapper.framework; name = NotificationCenter.framework; path = System/Library/Frameworks/NotificationCenter.framework; sourceTree = SDKROOT; };
		0425A7BB1ECBD96B00437C84 /* TodayViewController.swift */ = {isa = PBXFileReference; lastKnownFileType = sourcecode.swift; path = TodayViewController.swift; sourceTree = "<group>"; };
		0425A7BE1ECBD96B00437C84 /* Base */ = {isa = PBXFileReference; lastKnownFileType = file.storyboard; name = Base; path = Base.lproj/MainInterface.storyboard; sourceTree = "<group>"; };
		0425A7C01ECBD96B00437C84 /* Info.plist */ = {isa = PBXFileReference; lastKnownFileType = text.plist.xml; path = Info.plist; sourceTree = "<group>"; };
		0425A7C81ECBDB4A00437C84 /* todayiRadar.swift */ = {isa = PBXFileReference; fileEncoding = 4; lastKnownFileType = sourcecode.swift; path = todayiRadar.swift; sourceTree = "<group>"; };
		0425A7CA1ECEEA3B00437C84 /* Beacon2TableViewController.swift */ = {isa = PBXFileReference; fileEncoding = 4; lastKnownFileType = sourcecode.swift; path = Beacon2TableViewController.swift; sourceTree = "<group>"; };
		0425A7CC1ECEF40600437C84 /* Beacon3TableViewController.swift */ = {isa = PBXFileReference; fileEncoding = 4; lastKnownFileType = sourcecode.swift; path = Beacon3TableViewController.swift; sourceTree = "<group>"; };
		042671631ED41BCD00D36727 /* NormalViewController.swift */ = {isa = PBXFileReference; fileEncoding = 4; lastKnownFileType = sourcecode.swift; path = NormalViewController.swift; sourceTree = "<group>"; };
		042C6AC01EB84BD500AA46EC /* AdvertisementViewController.swift */ = {isa = PBXFileReference; fileEncoding = 4; lastKnownFileType = sourcecode.swift; path = AdvertisementViewController.swift; sourceTree = "<group>"; };
		0448EB1F1EB8416F001128B9 /* KontaktSDK.framework */ = {isa = PBXFileReference; lastKnownFileType = wrapper.framework; name = KontaktSDK.framework; path = Pods/KontaktSDK/Cocoapods/iOS/KontaktSDK.framework; sourceTree = "<group>"; };
		045F434C1E92283000E323EC /* BeaconTableViewController.swift */ = {isa = PBXFileReference; fileEncoding = 4; lastKnownFileType = sourcecode.swift; path = BeaconTableViewController.swift; sourceTree = "<group>"; };
		045F434E1E9254E200E323EC /* BeaconTableViewCell.swift */ = {isa = PBXFileReference; fileEncoding = 4; lastKnownFileType = sourcecode.swift; path = BeaconTableViewCell.swift; sourceTree = "<group>"; };
		045F43501E92635B00E323EC /* Beacons.swift */ = {isa = PBXFileReference; fileEncoding = 4; lastKnownFileType = sourcecode.swift; path = Beacons.swift; sourceTree = "<group>"; };
		046BB5EE1EA08CAB005BD4E7 /* GoogleService-Info.plist */ = {isa = PBXFileReference; fileEncoding = 4; lastKnownFileType = text.plist.xml; path = "GoogleService-Info.plist"; sourceTree = "<group>"; };
		04A421141E8514F400194289 /* loginViewController.swift */ = {isa = PBXFileReference; fileEncoding = 4; lastKnownFileType = sourcecode.swift; path = loginViewController.swift; sourceTree = "<group>"; };
		04A421171E8A3A6400194289 /* NearMessages.h */ = {isa = PBXFileReference; fileEncoding = 4; lastKnownFileType = sourcecode.c.h; path = NearMessages.h; sourceTree = "<group>"; };
		04A421181E8A671D00194289 /* iRadar-Bridging-Header.h */ = {isa = PBXFileReference; fileEncoding = 4; lastKnownFileType = sourcecode.c.h; path = "iRadar-Bridging-Header.h"; sourceTree = "<group>"; };
		04A4211D1E8A8C2700194289 /* NearbyDeviceClass.swift */ = {isa = PBXFileReference; fileEncoding = 4; lastKnownFileType = sourcecode.swift; path = NearbyDeviceClass.swift; sourceTree = "<group>"; };
		04A421211E8A8F6300194289 /* newConfigurationViewController.swift */ = {isa = PBXFileReference; fileEncoding = 4; lastKnownFileType = sourcecode.swift; path = newConfigurationViewController.swift; sourceTree = "<group>"; };
		04D4AFD81E84DE9400324E87 /* iRadar.app */ = {isa = PBXFileReference; explicitFileType = wrapper.application; includeInIndex = 0; path = iRadar.app; sourceTree = BUILT_PRODUCTS_DIR; };
		04D4AFDB1E84DE9400324E87 /* AppDelegate.swift */ = {isa = PBXFileReference; lastKnownFileType = sourcecode.swift; path = AppDelegate.swift; sourceTree = "<group>"; };
		04D4AFDD1E84DE9400324E87 /* beaconViewController.swift */ = {isa = PBXFileReference; lastKnownFileType = sourcecode.swift; path = beaconViewController.swift; sourceTree = "<group>"; };
		04D4AFE01E84DE9400324E87 /* Base */ = {isa = PBXFileReference; lastKnownFileType = file.storyboard; name = Base; path = Base.lproj/Main.storyboard; sourceTree = "<group>"; };
		04D4AFE21E84DE9400324E87 /* Assets.xcassets */ = {isa = PBXFileReference; lastKnownFileType = folder.assetcatalog; path = Assets.xcassets; sourceTree = "<group>"; };
		04D4AFE51E84DE9400324E87 /* Base */ = {isa = PBXFileReference; lastKnownFileType = file.storyboard; name = Base; path = Base.lproj/LaunchScreen.storyboard; sourceTree = "<group>"; };
		04D4AFE71E84DE9400324E87 /* Info.plist */ = {isa = PBXFileReference; lastKnownFileType = text.plist.xml; path = Info.plist; sourceTree = "<group>"; };
		04D4AFEE1E84E02100324E87 /* CoreLocation.framework */ = {isa = PBXFileReference; lastKnownFileType = wrapper.framework; name = CoreLocation.framework; path = System/Library/Frameworks/CoreLocation.framework; sourceTree = SDKROOT; };
		5A042C005C0B2E4307D19DC1 /* Pods-iRadar.release.xcconfig */ = {isa = PBXFileReference; includeInIndex = 1; lastKnownFileType = text.xcconfig; name = "Pods-iRadar.release.xcconfig"; path = "Pods/Target Support Files/Pods-iRadar/Pods-iRadar.release.xcconfig"; sourceTree = "<group>"; };
		82F986CE78D5547A8174A19F /* Pods-iRadar.debug.xcconfig */ = {isa = PBXFileReference; includeInIndex = 1; lastKnownFileType = text.xcconfig; name = "Pods-iRadar.debug.xcconfig"; path = "Pods/Target Support Files/Pods-iRadar/Pods-iRadar.debug.xcconfig"; sourceTree = "<group>"; };
		CC71C861529174BCE2E76AB4 /* Pods_iRadar.framework */ = {isa = PBXFileReference; explicitFileType = wrapper.framework; includeInIndex = 0; path = Pods_iRadar.framework; sourceTree = BUILT_PRODUCTS_DIR; };
/* End PBXFileReference section */

/* Begin PBXFrameworksBuildPhase section */
		0412E6531EDEE576008DFD26 /* Frameworks */ = {
			isa = PBXFrameworksBuildPhase;
			buildActionMask = 2147483647;
			files = (
			);
			runOnlyForDeploymentPostprocessing = 0;
		};
		0412E6611EE02455008DFD26 /* Frameworks */ = {
			isa = PBXFrameworksBuildPhase;
			buildActionMask = 2147483647;
			files = (
			);
			runOnlyForDeploymentPostprocessing = 0;
		};
		0425A7B41ECBD96B00437C84 /* Frameworks */ = {
			isa = PBXFrameworksBuildPhase;
			buildActionMask = 2147483647;
			files = (
				0425A7B91ECBD96B00437C84 /* NotificationCenter.framework in Frameworks */,
			);
			runOnlyForDeploymentPostprocessing = 0;
		};
		04D4AFD51E84DE9400324E87 /* Frameworks */ = {
			isa = PBXFrameworksBuildPhase;
			buildActionMask = 2147483647;
			files = (
				0448EB201EB8416F001128B9 /* KontaktSDK.framework in Frameworks */,
				04A421161E85438900194289 /* CoreLocation.framework in Frameworks */,
				403C435AC21B731520EB8DB5 /* Pods_iRadar.framework in Frameworks */,
			);
			runOnlyForDeploymentPostprocessing = 0;
		};
/* End PBXFrameworksBuildPhase section */

/* Begin PBXGroup section */
		0412E6471ED92396008DFD26 /* Controller */ = {
			isa = PBXGroup;
			children = (
				04A421211E8A8F6300194289 /* newConfigurationViewController.swift */,
				0412E64A1ED9241C008DFD26 /* Login */,
				0412E64B1ED92446008DFD26 /* Advertisement */,
				0412E64C1ED9245F008DFD26 /* TableViewController */,
				04D4AFDD1E84DE9400324E87 /* beaconViewController.swift */,
				04A4211D1E8A8C2700194289 /* NearbyDeviceClass.swift */,
			);
			name = Controller;
			sourceTree = "<group>";
		};
		0412E6481ED923A9008DFD26 /* View */ = {
			isa = PBXGroup;
			children = (
				04D4AFE41E84DE9400324E87 /* LaunchScreen.storyboard */,
				04D4AFE21E84DE9400324E87 /* Assets.xcassets */,
				0412E64D1ED924A2008DFD26 /* TableViewCell */,
				04D4AFDF1E84DE9400324E87 /* Main.storyboard */,
				04D4AFDB1E84DE9400324E87 /* AppDelegate.swift */,
			);
			name = View;
			sourceTree = "<group>";
		};
		0412E6491ED923F9008DFD26 /* Model */ = {
			isa = PBXGroup;
			children = (
				045F43501E92635B00E323EC /* Beacons.swift */,
			);
			name = Model;
			sourceTree = "<group>";
		};
		0412E64A1ED9241C008DFD26 /* Login */ = {
			isa = PBXGroup;
			children = (
				042671631ED41BCD00D36727 /* NormalViewController.swift */,
				04A421141E8514F400194289 /* loginViewController.swift */,
			);
			name = Login;
			sourceTree = "<group>";
		};
		0412E64B1ED92446008DFD26 /* Advertisement */ = {
			isa = PBXGroup;
			children = (
				0412E6431ED91CF9008DFD26 /* NormalAdvertisementViewController.swift */,
				0412E6501ED929B0008DFD26 /* Advertisement3ViewController.swift */,
				0412E64E1ED926CD008DFD26 /* Advertisement2ViewController.swift */,
				042C6AC01EB84BD500AA46EC /* AdvertisementViewController.swift */,
			);
			name = Advertisement;
			sourceTree = "<group>";
		};
		0412E64C1ED9245F008DFD26 /* TableViewController */ = {
			isa = PBXGroup;
			children = (
				0412E6411ED919F4008DFD26 /* NormalTableViewController.swift */,
				045F434C1E92283000E323EC /* BeaconTableViewController.swift */,
				0425A7CA1ECEEA3B00437C84 /* Beacon2TableViewController.swift */,
				0425A7CC1ECEF40600437C84 /* Beacon3TableViewController.swift */,
			);
			name = TableViewController;
			sourceTree = "<group>";
		};
		0412E64D1ED924A2008DFD26 /* TableViewCell */ = {
			isa = PBXGroup;
			children = (
				0412E6451ED9209C008DFD26 /* NormalBeaconTableViewCell.swift */,
				045F434E1E9254E200E323EC /* BeaconTableViewCell.swift */,
			);
			name = TableViewCell;
			sourceTree = "<group>";
		};
		0412E6571EDEE576008DFD26 /* iRadarTests */ = {
			isa = PBXGroup;
			children = (
				0412E6581EDEE576008DFD26 /* iRadarTests.swift */,
				0412E65A1EDEE576008DFD26 /* Info.plist */,
			);
			path = iRadarTests;
			sourceTree = "<group>";
		};
		0412E6651EE02456008DFD26 /* iRadarUITests */ = {
			isa = PBXGroup;
			children = (
				0412E6661EE02456008DFD26 /* iRadarUITests.m */,
				0412E6681EE02456008DFD26 /* Info.plist */,
			);
			path = iRadarUITests;
			sourceTree = "<group>";
		};
		0425A7BA1ECBD96B00437C84 /* iRadartoday */ = {
			isa = PBXGroup;
			children = (
				0425A7BB1ECBD96B00437C84 /* TodayViewController.swift */,
				0425A7C81ECBDB4A00437C84 /* todayiRadar.swift */,
				0425A7BD1ECBD96B00437C84 /* MainInterface.storyboard */,
				0425A7C01ECBD96B00437C84 /* Info.plist */,
			);
			path = iRadartoday;
			sourceTree = "<group>";
		};
		04D4AFCF1E84DE9400324E87 = {
			isa = PBXGroup;
			children = (
				04D4AFDA1E84DE9400324E87 /* iRadar */,
				0425A7BA1ECBD96B00437C84 /* iRadartoday */,
				0412E6571EDEE576008DFD26 /* iRadarTests */,
				0412E6651EE02456008DFD26 /* iRadarUITests */,
				04D4AFD91E84DE9400324E87 /* Products */,
				04D4AFED1E84E02100324E87 /* Frameworks */,
				7E8D8CA7CEA67004C44CD9DA /* Pods */,
			);
			sourceTree = "<group>";
		};
		04D4AFD91E84DE9400324E87 /* Products */ = {
			isa = PBXGroup;
			children = (
				04D4AFD81E84DE9400324E87 /* iRadar.app */,
				0425A7B71ECBD96B00437C84 /* iRadartoday.appex */,
				0412E6561EDEE576008DFD26 /* iRadarTests.xctest */,
				0412E6641EE02455008DFD26 /* iRadarUITests.xctest */,
			);
			name = Products;
			sourceTree = "<group>";
		};
		04D4AFDA1E84DE9400324E87 /* iRadar */ = {
			isa = PBXGroup;
			children = (
				046BB5EE1EA08CAB005BD4E7 /* GoogleService-Info.plist */,
				04D4AFE71E84DE9400324E87 /* Info.plist */,
				0412E6481ED923A9008DFD26 /* View */,
				0412E6471ED92396008DFD26 /* Controller */,
				04A421171E8A3A6400194289 /* NearMessages.h */,
				04A421181E8A671D00194289 /* iRadar-Bridging-Header.h */,
				0412E6491ED923F9008DFD26 /* Model */,
			);
			path = iRadar;
			sourceTree = "<group>";
		};
		04D4AFED1E84E02100324E87 /* Frameworks */ = {
			isa = PBXGroup;
			children = (
				0448EB1F1EB8416F001128B9 /* KontaktSDK.framework */,
				04D4AFEE1E84E02100324E87 /* CoreLocation.framework */,
				CC71C861529174BCE2E76AB4 /* Pods_iRadar.framework */,
				0425A7B81ECBD96B00437C84 /* NotificationCenter.framework */,
			);
			name = Frameworks;
			sourceTree = "<group>";
		};
		7E8D8CA7CEA67004C44CD9DA /* Pods */ = {
			isa = PBXGroup;
			children = (
				82F986CE78D5547A8174A19F /* Pods-iRadar.debug.xcconfig */,
				5A042C005C0B2E4307D19DC1 /* Pods-iRadar.release.xcconfig */,
			);
			name = Pods;
			sourceTree = "<group>";
		};
/* End PBXGroup section */

/* Begin PBXNativeTarget section */
		0412E6551EDEE576008DFD26 /* iRadarTests */ = {
			isa = PBXNativeTarget;
			buildConfigurationList = 0412E65F1EDEE576008DFD26 /* Build configuration list for PBXNativeTarget "iRadarTests" */;
			buildPhases = (
				0412E6521EDEE576008DFD26 /* Sources */,
				0412E6531EDEE576008DFD26 /* Frameworks */,
				0412E6541EDEE576008DFD26 /* Resources */,
			);
			buildRules = (
			);
			dependencies = (
				0412E65C1EDEE576008DFD26 /* PBXTargetDependency */,
			);
			name = iRadarTests;
			productName = iRadarTests;
			productReference = 0412E6561EDEE576008DFD26 /* iRadarTests.xctest */;
			productType = "com.apple.product-type.bundle.unit-test";
		};
		0412E6631EE02455008DFD26 /* iRadarUITests */ = {
			isa = PBXNativeTarget;
			buildConfigurationList = 0412E66B1EE02456008DFD26 /* Build configuration list for PBXNativeTarget "iRadarUITests" */;
			buildPhases = (
				0412E6601EE02455008DFD26 /* Sources */,
				0412E6611EE02455008DFD26 /* Frameworks */,
				0412E6621EE02455008DFD26 /* Resources */,
			);
			buildRules = (
			);
			dependencies = (
				0412E66A1EE02456008DFD26 /* PBXTargetDependency */,
			);
			name = iRadarUITests;
			productName = iRadarUITests;
			productReference = 0412E6641EE02455008DFD26 /* iRadarUITests.xctest */;
			productType = "com.apple.product-type.bundle.ui-testing";
		};
		0425A7B61ECBD96B00437C84 /* iRadartoday */ = {
			isa = PBXNativeTarget;
			buildConfigurationList = 0425A7C61ECBD96C00437C84 /* Build configuration list for PBXNativeTarget "iRadartoday" */;
			buildPhases = (
				0425A7B31ECBD96B00437C84 /* Sources */,
				0425A7B41ECBD96B00437C84 /* Frameworks */,
				0425A7B51ECBD96B00437C84 /* Resources */,
			);
			buildRules = (
			);
			dependencies = (
			);
			name = iRadartoday;
			productName = iRadartoday;
			productReference = 0425A7B71ECBD96B00437C84 /* iRadartoday.appex */;
			productType = "com.apple.product-type.app-extension";
		};
		04D4AFD71E84DE9400324E87 /* iRadar */ = {
			isa = PBXNativeTarget;
			buildConfigurationList = 04D4AFEA1E84DE9400324E87 /* Build configuration list for PBXNativeTarget "iRadar" */;
			buildPhases = (
				FB761EA097D24426FA261419 /* [CP] Check Pods Manifest.lock */,
				04D4AFD41E84DE9400324E87 /* Sources */,
				04D4AFD51E84DE9400324E87 /* Frameworks */,
				04D4AFD61E84DE9400324E87 /* Resources */,
				E5AB719981D689478981A921 /* [CP] Embed Pods Frameworks */,
				876ADAF2755EC8A16876FB2F /* [CP] Copy Pods Resources */,
				0425A7C71ECBD96C00437C84 /* Embed App Extensions */,
			);
			buildRules = (
			);
			dependencies = (
				0425A7C21ECBD96C00437C84 /* PBXTargetDependency */,
			);
			name = iRadar;
			productName = iRadar;
			productReference = 04D4AFD81E84DE9400324E87 /* iRadar.app */;
			productType = "com.apple.product-type.application";
		};
/* End PBXNativeTarget section */

/* Begin PBXProject section */
		04D4AFD01E84DE9400324E87 /* Project object */ = {
			isa = PBXProject;
			attributes = {
				LastSwiftUpdateCheck = 0830;
				LastUpgradeCheck = 0820;
				ORGANIZATIONNAME = "Rashiv Romio Bhusal";
				TargetAttributes = {
					0412E6551EDEE576008DFD26 = {
						CreatedOnToolsVersion = 8.3.2;
						DevelopmentTeam = CHW274QMX3;
						ProvisioningStyle = Automatic;
						TestTargetID = 04D4AFD71E84DE9400324E87;
					};
					0412E6631EE02455008DFD26 = {
						CreatedOnToolsVersion = 8.3.2;
						DevelopmentTeam = CHW274QMX3;
						ProvisioningStyle = Automatic;
						TestTargetID = 04D4AFD71E84DE9400324E87;
					};
					0425A7B61ECBD96B00437C84 = {
						CreatedOnToolsVersion = 8.3.2;
						DevelopmentTeam = CHW274QMX3;
						ProvisioningStyle = Automatic;
					};
					04D4AFD71E84DE9400324E87 = {
						CreatedOnToolsVersion = 8.2.1;
						DevelopmentTeam = CHW274QMX3;
						ProvisioningStyle = Automatic;
					};
				};
			};
			buildConfigurationList = 04D4AFD31E84DE9400324E87 /* Build configuration list for PBXProject "iRadar" */;
			compatibilityVersion = "Xcode 3.2";
			developmentRegion = English;
			hasScannedForEncodings = 0;
			knownRegions = (
				en,
				Base,
			);
			mainGroup = 04D4AFCF1E84DE9400324E87;
			productRefGroup = 04D4AFD91E84DE9400324E87 /* Products */;
			projectDirPath = "";
			projectRoot = "";
			targets = (
				04D4AFD71E84DE9400324E87 /* iRadar */,
				0425A7B61ECBD96B00437C84 /* iRadartoday */,
				0412E6551EDEE576008DFD26 /* iRadarTests */,
				0412E6631EE02455008DFD26 /* iRadarUITests */,
			);
		};
/* End PBXProject section */

/* Begin PBXResourcesBuildPhase section */
		0412E6541EDEE576008DFD26 /* Resources */ = {
			isa = PBXResourcesBuildPhase;
			buildActionMask = 2147483647;
			files = (
			);
			runOnlyForDeploymentPostprocessing = 0;
		};
		0412E6621EE02455008DFD26 /* Resources */ = {
			isa = PBXResourcesBuildPhase;
			buildActionMask = 2147483647;
			files = (
			);
			runOnlyForDeploymentPostprocessing = 0;
		};
		0425A7B51ECBD96B00437C84 /* Resources */ = {
			isa = PBXResourcesBuildPhase;
			buildActionMask = 2147483647;
			files = (
				0425A7BF1ECBD96B00437C84 /* MainInterface.storyboard in Resources */,
			);
			runOnlyForDeploymentPostprocessing = 0;
		};
		04D4AFD61E84DE9400324E87 /* Resources */ = {
			isa = PBXResourcesBuildPhase;
			buildActionMask = 2147483647;
			files = (
				046BB5EF1EA08CAB005BD4E7 /* GoogleService-Info.plist in Resources */,
				04D4AFE61E84DE9400324E87 /* LaunchScreen.storyboard in Resources */,
				04D4AFE31E84DE9400324E87 /* Assets.xcassets in Resources */,
				04D4AFE11E84DE9400324E87 /* Main.storyboard in Resources */,
			);
			runOnlyForDeploymentPostprocessing = 0;
		};
/* End PBXResourcesBuildPhase section */

/* Begin PBXShellScriptBuildPhase section */
		876ADAF2755EC8A16876FB2F /* [CP] Copy Pods Resources */ = {
			isa = PBXShellScriptBuildPhase;
			buildActionMask = 2147483647;
			files = (
			);
			inputPaths = (
			);
			name = "[CP] Copy Pods Resources";
			outputPaths = (
			);
			runOnlyForDeploymentPostprocessing = 0;
			shellPath = /bin/sh;
			shellScript = "\"${SRCROOT}/Pods/Target Support Files/Pods-iRadar/Pods-iRadar-resources.sh\"\n";
			showEnvVarsInLog = 0;
		};
		E5AB719981D689478981A921 /* [CP] Embed Pods Frameworks */ = {
			isa = PBXShellScriptBuildPhase;
			buildActionMask = 2147483647;
			files = (
			);
			inputPaths = (
			);
			name = "[CP] Embed Pods Frameworks";
			outputPaths = (
			);
			runOnlyForDeploymentPostprocessing = 0;
			shellPath = /bin/sh;
			shellScript = "\"${SRCROOT}/Pods/Target Support Files/Pods-iRadar/Pods-iRadar-frameworks.sh\"\n";
			showEnvVarsInLog = 0;
		};
		FB761EA097D24426FA261419 /* [CP] Check Pods Manifest.lock */ = {
			isa = PBXShellScriptBuildPhase;
			buildActionMask = 2147483647;
			files = (
			);
			inputPaths = (
			);
			name = "[CP] Check Pods Manifest.lock";
			outputPaths = (
			);
			runOnlyForDeploymentPostprocessing = 0;
			shellPath = /bin/sh;
			shellScript = "diff \"${PODS_PODFILE_DIR_PATH}/Podfile.lock\" \"${PODS_ROOT}/Manifest.lock\" > /dev/null\nif [ $? != 0 ] ; then\n    # print error to STDERR\n    echo \"error: The sandbox is not in sync with the Podfile.lock. Run 'pod install' or update your CocoaPods installation.\" >&2\n    exit 1\nfi\n";
			showEnvVarsInLog = 0;
		};
/* End PBXShellScriptBuildPhase section */

/* Begin PBXSourcesBuildPhase section */
		0412E6521EDEE576008DFD26 /* Sources */ = {
			isa = PBXSourcesBuildPhase;
			buildActionMask = 2147483647;
			files = (
				0412E6591EDEE576008DFD26 /* iRadarTests.swift in Sources */,
			);
			runOnlyForDeploymentPostprocessing = 0;
		};
		0412E6601EE02455008DFD26 /* Sources */ = {
			isa = PBXSourcesBuildPhase;
			buildActionMask = 2147483647;
			files = (
				0412E6671EE02456008DFD26 /* iRadarUITests.m in Sources */,
			);
			runOnlyForDeploymentPostprocessing = 0;
		};
		0425A7B31ECBD96B00437C84 /* Sources */ = {
			isa = PBXSourcesBuildPhase;
			buildActionMask = 2147483647;
			files = (
				0425A7C91ECBDB4A00437C84 /* todayiRadar.swift in Sources */,
				0425A7BC1ECBD96B00437C84 /* TodayViewController.swift in Sources */,
			);
			runOnlyForDeploymentPostprocessing = 0;
		};
		04D4AFD41E84DE9400324E87 /* Sources */ = {
			isa = PBXSourcesBuildPhase;
			buildActionMask = 2147483647;
			files = (
				04D4AFDE1E84DE9400324E87 /* beaconViewController.swift in Sources */,
				042671641ED41BCD00D36727 /* NormalViewController.swift in Sources */,
				04A4211E1E8A8C2700194289 /* NearbyDeviceClass.swift in Sources */,
				0412E6461ED9209C008DFD26 /* NormalBeaconTableViewCell.swift in Sources */,
				0412E6511ED929B0008DFD26 /* Advertisement3ViewController.swift in Sources */,
				045F434F1E9254E200E323EC /* BeaconTableViewCell.swift in Sources */,
				045F43511E92635B00E323EC /* Beacons.swift in Sources */,
				0412E6421ED919F4008DFD26 /* NormalTableViewController.swift in Sources */,
				04D4AFDC1E84DE9400324E87 /* AppDelegate.swift in Sources */,
				04A421221E8A8F6300194289 /* newConfigurationViewController.swift in Sources */,
				0425A7CB1ECEEA3B00437C84 /* Beacon2TableViewController.swift in Sources */,
				0412E6441ED91CF9008DFD26 /* NormalAdvertisementViewController.swift in Sources */,
				04A421151E8514F400194289 /* loginViewController.swift in Sources */,
				045F434D1E92283000E323EC /* BeaconTableViewController.swift in Sources */,
				0412E64F1ED926CD008DFD26 /* Advertisement2ViewController.swift in Sources */,
				042C6AC11EB84BD500AA46EC /* AdvertisementViewController.swift in Sources */,
				0425A7CD1ECEF40600437C84 /* Beacon3TableViewController.swift in Sources */,
			);
			runOnlyForDeploymentPostprocessing = 0;
		};
/* End PBXSourcesBuildPhase section */

/* Begin PBXTargetDependency section */
		0412E65C1EDEE576008DFD26 /* PBXTargetDependency */ = {
			isa = PBXTargetDependency;
			target = 04D4AFD71E84DE9400324E87 /* iRadar */;
			targetProxy = 0412E65B1EDEE576008DFD26 /* PBXContainerItemProxy */;
		};
		0412E66A1EE02456008DFD26 /* PBXTargetDependency */ = {
			isa = PBXTargetDependency;
			target = 04D4AFD71E84DE9400324E87 /* iRadar */;
			targetProxy = 0412E6691EE02456008DFD26 /* PBXContainerItemProxy */;
		};
		0425A7C21ECBD96C00437C84 /* PBXTargetDependency */ = {
			isa = PBXTargetDependency;
			target = 0425A7B61ECBD96B00437C84 /* iRadartoday */;
			targetProxy = 0425A7C11ECBD96C00437C84 /* PBXContainerItemProxy */;
		};
/* End PBXTargetDependency section */

/* Begin PBXVariantGroup section */
		0425A7BD1ECBD96B00437C84 /* MainInterface.storyboard */ = {
			isa = PBXVariantGroup;
			children = (
				0425A7BE1ECBD96B00437C84 /* Base */,
			);
			name = MainInterface.storyboard;
			sourceTree = "<group>";
		};
		04D4AFDF1E84DE9400324E87 /* Main.storyboard */ = {
			isa = PBXVariantGroup;
			children = (
				04D4AFE01E84DE9400324E87 /* Base */,
			);
			name = Main.storyboard;
			sourceTree = "<group>";
		};
		04D4AFE41E84DE9400324E87 /* LaunchScreen.storyboard */ = {
			isa = PBXVariantGroup;
			children = (
				04D4AFE51E84DE9400324E87 /* Base */,
			);
			name = LaunchScreen.storyboard;
			sourceTree = "<group>";
		};
/* End PBXVariantGroup section */

/* Begin XCBuildConfiguration section */
		0412E65D1EDEE576008DFD26 /* Debug */ = {
			isa = XCBuildConfiguration;
			buildSettings = {
				BUNDLE_LOADER = "$(TEST_HOST)";
				CLANG_ANALYZER_NUMBER_OBJECT_CONVERSION = YES_AGGRESSIVE;
				DEVELOPMENT_TEAM = CHW274QMX3;
				INFOPLIST_FILE = iRadarTests/Info.plist;
				IPHONEOS_DEPLOYMENT_TARGET = 10.3;
				LD_RUNPATH_SEARCH_PATHS = "$(inherited) @executable_path/Frameworks @loader_path/Frameworks";
				PRODUCT_BUNDLE_IDENTIFIER = "s3511441-student.rmit.edu.au.iRadarTests";
				PRODUCT_NAME = "$(TARGET_NAME)";
				SWIFT_VERSION = 3.0;
				TEST_HOST = "$(BUILT_PRODUCTS_DIR)/iRadar.app/iRadar";
			};
			name = Debug;
		};
		0412E65E1EDEE576008DFD26 /* Release */ = {
			isa = XCBuildConfiguration;
			buildSettings = {
				BUNDLE_LOADER = "$(TEST_HOST)";
				CLANG_ANALYZER_NUMBER_OBJECT_CONVERSION = YES_AGGRESSIVE;
				DEVELOPMENT_TEAM = CHW274QMX3;
				INFOPLIST_FILE = iRadarTests/Info.plist;
				IPHONEOS_DEPLOYMENT_TARGET = 10.3;
				LD_RUNPATH_SEARCH_PATHS = "$(inherited) @executable_path/Frameworks @loader_path/Frameworks";
				PRODUCT_BUNDLE_IDENTIFIER = "s3511441-student.rmit.edu.au.iRadarTests";
				PRODUCT_NAME = "$(TARGET_NAME)";
				SWIFT_VERSION = 3.0;
				TEST_HOST = "$(BUILT_PRODUCTS_DIR)/iRadar.app/iRadar";
			};
			name = Release;
		};
		0412E66C1EE02456008DFD26 /* Debug */ = {
			isa = XCBuildConfiguration;
			buildSettings = {
				ALWAYS_EMBED_SWIFT_STANDARD_LIBRARIES = YES;
				CLANG_ANALYZER_NUMBER_OBJECT_CONVERSION = YES_AGGRESSIVE;
				DEVELOPMENT_TEAM = CHW274QMX3;
				INFOPLIST_FILE = iRadarUITests/Info.plist;
				IPHONEOS_DEPLOYMENT_TARGET = 10.3;
				LD_RUNPATH_SEARCH_PATHS = "$(inherited) @executable_path/Frameworks @loader_path/Frameworks";
				PRODUCT_BUNDLE_IDENTIFIER = "s3511441-student.rmit.edu.au.iRadarUITests";
				PRODUCT_NAME = "$(TARGET_NAME)";
				TEST_TARGET_NAME = iRadar;
			};
			name = Debug;
		};
		0412E66D1EE02456008DFD26 /* Release */ = {
			isa = XCBuildConfiguration;
			buildSettings = {
				ALWAYS_EMBED_SWIFT_STANDARD_LIBRARIES = YES;
				CLANG_ANALYZER_NUMBER_OBJECT_CONVERSION = YES_AGGRESSIVE;
				DEVELOPMENT_TEAM = CHW274QMX3;
				INFOPLIST_FILE = iRadarUITests/Info.plist;
				IPHONEOS_DEPLOYMENT_TARGET = 10.3;
				LD_RUNPATH_SEARCH_PATHS = "$(inherited) @executable_path/Frameworks @loader_path/Frameworks";
				PRODUCT_BUNDLE_IDENTIFIER = "s3511441-student.rmit.edu.au.iRadarUITests";
				PRODUCT_NAME = "$(TARGET_NAME)";
				TEST_TARGET_NAME = iRadar;
			};
			name = Release;
		};
		0425A7C41ECBD96C00437C84 /* Debug */ = {
			isa = XCBuildConfiguration;
			buildSettings = {
				CLANG_ANALYZER_NUMBER_OBJECT_CONVERSION = YES_AGGRESSIVE;
				"CODE_SIGN_IDENTITY[sdk=iphoneos*]" = "iPhone Developer";
				DEVELOPMENT_TEAM = CHW274QMX3;
				INFOPLIST_FILE = iRadartoday/Info.plist;
				IPHONEOS_DEPLOYMENT_TARGET = 10.1.1;
				LD_RUNPATH_SEARCH_PATHS = "$(inherited) @executable_path/Frameworks @executable_path/../../Frameworks";
				PRODUCT_BUNDLE_IDENTIFIER = "s3511441-student.rmit.edu.au.iRadar.iRadartoday";
				PRODUCT_NAME = "$(TARGET_NAME)";
				PROVISIONING_PROFILE_SPECIFIER = "";
				SKIP_INSTALL = YES;
				SWIFT_VERSION = 3.0;
			};
			name = Debug;
		};
		0425A7C51ECBD96C00437C84 /* Release */ = {
			isa = XCBuildConfiguration;
			buildSettings = {
				CLANG_ANALYZER_NUMBER_OBJECT_CONVERSION = YES_AGGRESSIVE;
				"CODE_SIGN_IDENTITY[sdk=iphoneos*]" = "iPhone Developer";
				DEVELOPMENT_TEAM = CHW274QMX3;
				INFOPLIST_FILE = iRadartoday/Info.plist;
				IPHONEOS_DEPLOYMENT_TARGET = 10.1.1;
				LD_RUNPATH_SEARCH_PATHS = "$(inherited) @executable_path/Frameworks @executable_path/../../Frameworks";
				PRODUCT_BUNDLE_IDENTIFIER = "s3511441-student.rmit.edu.au.iRadar.iRadartoday";
				PRODUCT_NAME = "$(TARGET_NAME)";
				PROVISIONING_PROFILE_SPECIFIER = "";
				SKIP_INSTALL = YES;
				SWIFT_VERSION = 3.0;
			};
			name = Release;
		};
		04D4AFE81E84DE9400324E87 /* Debug */ = {
			isa = XCBuildConfiguration;
			buildSettings = {
				ALWAYS_SEARCH_USER_PATHS = NO;
				CLANG_ANALYZER_NONNULL = YES;
				CLANG_CXX_LANGUAGE_STANDARD = "gnu++0x";
				CLANG_CXX_LIBRARY = "libc++";
				CLANG_ENABLE_MODULES = YES;
				CLANG_ENABLE_OBJC_ARC = YES;
				CLANG_WARN_BOOL_CONVERSION = YES;
				CLANG_WARN_CONSTANT_CONVERSION = YES;
				CLANG_WARN_DIRECT_OBJC_ISA_USAGE = YES_ERROR;
				CLANG_WARN_DOCUMENTATION_COMMENTS = YES;
				CLANG_WARN_EMPTY_BODY = YES;
				CLANG_WARN_ENUM_CONVERSION = YES;
				CLANG_WARN_INFINITE_RECURSION = YES;
				CLANG_WARN_INT_CONVERSION = YES;
				CLANG_WARN_OBJC_ROOT_CLASS = YES_ERROR;
				CLANG_WARN_SUSPICIOUS_MOVE = YES;
				CLANG_WARN_UNREACHABLE_CODE = YES;
				CLANG_WARN__DUPLICATE_METHOD_MATCH = YES;
				"CODE_SIGN_IDENTITY[sdk=iphoneos*]" = "iPhone Developer";
				COPY_PHASE_STRIP = NO;
				DEBUG_INFORMATION_FORMAT = dwarf;
				ENABLE_STRICT_OBJC_MSGSEND = YES;
				ENABLE_TESTABILITY = YES;
				GCC_C_LANGUAGE_STANDARD = gnu99;
				GCC_DYNAMIC_NO_PIC = NO;
				GCC_NO_COMMON_BLOCKS = YES;
				GCC_OPTIMIZATION_LEVEL = 0;
				GCC_PREPROCESSOR_DEFINITIONS = (
					"DEBUG=1",
					"$(inherited)",
				);
				GCC_WARN_64_TO_32_BIT_CONVERSION = YES;
				GCC_WARN_ABOUT_RETURN_TYPE = YES_ERROR;
				GCC_WARN_UNDECLARED_SELECTOR = YES;
				GCC_WARN_UNINITIALIZED_AUTOS = YES_AGGRESSIVE;
				GCC_WARN_UNUSED_FUNCTION = YES;
				GCC_WARN_UNUSED_VARIABLE = YES;
				IPHONEOS_DEPLOYMENT_TARGET = 10.2;
				MTL_ENABLE_DEBUG_INFO = YES;
				ONLY_ACTIVE_ARCH = YES;
				SDKROOT = iphoneos;
				SWIFT_ACTIVE_COMPILATION_CONDITIONS = DEBUG;
				SWIFT_OPTIMIZATION_LEVEL = "-Onone";
				TARGETED_DEVICE_FAMILY = "1,2";
			};
			name = Debug;
		};
		04D4AFE91E84DE9400324E87 /* Release */ = {
			isa = XCBuildConfiguration;
			buildSettings = {
				ALWAYS_SEARCH_USER_PATHS = NO;
				CLANG_ANALYZER_NONNULL = YES;
				CLANG_CXX_LANGUAGE_STANDARD = "gnu++0x";
				CLANG_CXX_LIBRARY = "libc++";
				CLANG_ENABLE_MODULES = YES;
				CLANG_ENABLE_OBJC_ARC = YES;
				CLANG_WARN_BOOL_CONVERSION = YES;
				CLANG_WARN_CONSTANT_CONVERSION = YES;
				CLANG_WARN_DIRECT_OBJC_ISA_USAGE = YES_ERROR;
				CLANG_WARN_DOCUMENTATION_COMMENTS = YES;
				CLANG_WARN_EMPTY_BODY = YES;
				CLANG_WARN_ENUM_CONVERSION = YES;
				CLANG_WARN_INFINITE_RECURSION = YES;
				CLANG_WARN_INT_CONVERSION = YES;
				CLANG_WARN_OBJC_ROOT_CLASS = YES_ERROR;
				CLANG_WARN_SUSPICIOUS_MOVE = YES;
				CLANG_WARN_UNREACHABLE_CODE = YES;
				CLANG_WARN__DUPLICATE_METHOD_MATCH = YES;
				"CODE_SIGN_IDENTITY[sdk=iphoneos*]" = "iPhone Developer";
				COPY_PHASE_STRIP = NO;
				DEBUG_INFORMATION_FORMAT = "dwarf-with-dsym";
				ENABLE_NS_ASSERTIONS = NO;
				ENABLE_STRICT_OBJC_MSGSEND = YES;
				GCC_C_LANGUAGE_STANDARD = gnu99;
				GCC_NO_COMMON_BLOCKS = YES;
				GCC_WARN_64_TO_32_BIT_CONVERSION = YES;
				GCC_WARN_ABOUT_RETURN_TYPE = YES_ERROR;
				GCC_WARN_UNDECLARED_SELECTOR = YES;
				GCC_WARN_UNINITIALIZED_AUTOS = YES_AGGRESSIVE;
				GCC_WARN_UNUSED_FUNCTION = YES;
				GCC_WARN_UNUSED_VARIABLE = YES;
				IPHONEOS_DEPLOYMENT_TARGET = 10.2;
				MTL_ENABLE_DEBUG_INFO = NO;
				SDKROOT = iphoneos;
				SWIFT_OPTIMIZATION_LEVEL = "-Owholemodule";
				TARGETED_DEVICE_FAMILY = "1,2";
				VALIDATE_PRODUCT = YES;
			};
			name = Release;
		};
		04D4AFEB1E84DE9400324E87 /* Debug */ = {
			isa = XCBuildConfiguration;
			baseConfigurationReference = 82F986CE78D5547A8174A19F /* Pods-iRadar.debug.xcconfig */;
			buildSettings = {
				ALWAYS_EMBED_SWIFT_STANDARD_LIBRARIES = YES;
				ASSETCATALOG_COMPILER_APPICON_NAME = AppIcon;
				DEVELOPMENT_TEAM = CHW274QMX3;
				FRAMEWORK_SEARCH_PATHS = (
					"$(inherited)",
					"$(PROJECT_DIR)/Pods/KontaktSDK/Cocoapods/iOS",
				);
				INFOPLIST_FILE = iRadar/Info.plist;
				IPHONEOS_DEPLOYMENT_TARGET = 10.1;
				LD_RUNPATH_SEARCH_PATHS = "$(inherited) @executable_path/Frameworks";
				PRODUCT_BUNDLE_IDENTIFIER = "s3511441-student.rmit.edu.au.iRadar";
				PRODUCT_NAME = "$(TARGET_NAME)";
				SWIFT_INSTALL_OBJC_HEADER = YES;
				"SWIFT_OBJC_BRIDGING_HEADER[arch=*]" = "/Users/ROMIO/Desktop/iRadar-iOS/iRadar/iRadar-Bridging-Header.h";
				SWIFT_VERSION = 3.0;
			};
			name = Debug;
		};
		04D4AFEC1E84DE9400324E87 /* Release */ = {
			isa = XCBuildConfiguration;
			baseConfigurationReference = 5A042C005C0B2E4307D19DC1 /* Pods-iRadar.release.xcconfig */;
			buildSettings = {
				ALWAYS_EMBED_SWIFT_STANDARD_LIBRARIES = YES;
				ASSETCATALOG_COMPILER_APPICON_NAME = AppIcon;
				DEVELOPMENT_TEAM = CHW274QMX3;
				FRAMEWORK_SEARCH_PATHS = (
					"$(inherited)",
					"$(PROJECT_DIR)/Pods/KontaktSDK/Cocoapods/iOS",
				);
				INFOPLIST_FILE = iRadar/Info.plist;
				IPHONEOS_DEPLOYMENT_TARGET = 10.1;
				LD_RUNPATH_SEARCH_PATHS = "$(inherited) @executable_path/Frameworks";
				PRODUCT_BUNDLE_IDENTIFIER = "s3511441-student.rmit.edu.au.iRadar";
				PRODUCT_NAME = "$(TARGET_NAME)";
				SWIFT_INSTALL_OBJC_HEADER = YES;
				"SWIFT_OBJC_BRIDGING_HEADER[arch=*]" = "/Users/ROMIO/Desktop/iRadar-iOS/iRadar/iRadar-Bridging-Header.h";
				SWIFT_VERSION = 3.0;
			};
			name = Release;
		};
/* End XCBuildConfiguration section */

/* Begin XCConfigurationList section */
		0412E65F1EDEE576008DFD26 /* Build configuration list for PBXNativeTarget "iRadarTests" */ = {
			isa = XCConfigurationList;
			buildConfigurations = (
				0412E65D1EDEE576008DFD26 /* Debug */,
				0412E65E1EDEE576008DFD26 /* Release */,
			);
			defaultConfigurationIsVisible = 0;
		};
		0412E66B1EE02456008DFD26 /* Build configuration list for PBXNativeTarget "iRadarUITests" */ = {
			isa = XCConfigurationList;
			buildConfigurations = (
				0412E66C1EE02456008DFD26 /* Debug */,
				0412E66D1EE02456008DFD26 /* Release */,
			);
			defaultConfigurationIsVisible = 0;
		};
		0425A7C61ECBD96C00437C84 /* Build configuration list for PBXNativeTarget "iRadartoday" */ = {
			isa = XCConfigurationList;
			buildConfigurations = (
				0425A7C41ECBD96C00437C84 /* Debug */,
				0425A7C51ECBD96C00437C84 /* Release */,
			);
			defaultConfigurationIsVisible = 0;
			defaultConfigurationName = Release;
		};
		04D4AFD31E84DE9400324E87 /* Build configuration list for PBXProject "iRadar" */ = {
			isa = XCConfigurationList;
			buildConfigurations = (
				04D4AFE81E84DE9400324E87 /* Debug */,
				04D4AFE91E84DE9400324E87 /* Release */,
			);
			defaultConfigurationIsVisible = 0;
			defaultConfigurationName = Release;
		};
		04D4AFEA1E84DE9400324E87 /* Build configuration list for PBXNativeTarget "iRadar" */ = {
			isa = XCConfigurationList;
			buildConfigurations = (
				04D4AFEB1E84DE9400324E87 /* Debug */,
				04D4AFEC1E84DE9400324E87 /* Release */,
			);
			defaultConfigurationIsVisible = 0;
			defaultConfigurationName = Release;
		};
/* End XCConfigurationList section */
	};
	rootObject = 04D4AFD01E84DE9400324E87 /* Project object */;
}
